
Microsoft Visual Studio Solution File, Format Version 12.00
# Visual Studio Version 17
VisualStudioVersion = 17.3.32901.215
MinimumVisualStudioVersion = 10.0.40219.1
Project("{2150E333-8FDC-42A3-9474-1A3956D46DE8}") = "src", "src", "{F1FF19EC-B69B-4D1F-BEF1-78F887022947}"
EndProject
Project("{2150E333-8FDC-42A3-9474-1A3956D46DE8}") = "docs", "docs", "{3255759B-AFEA-4989-80B7-B1443BB5973C}"
	ProjectSection(SolutionItems) = preProject
		docs\ClassDiagram.drawio = docs\ClassDiagram.drawio
		docs\SubDomains.drawio = docs\SubDomains.drawio
	EndProjectSection
EndProject
Project("{2150E333-8FDC-42A3-9474-1A3956D46DE8}") = "Modules", "Modules", "{B3BD9597-3591-48AF-A287-50339FC5F23A}"
EndProject
Project("{2150E333-8FDC-42A3-9474-1A3956D46DE8}") = "EndPoints", "EndPoints", "{CDAFBBC7-33A5-4FE0-BA9D-564B07E2478E}"
EndProject
Project("{2150E333-8FDC-42A3-9474-1A3956D46DE8}") = "Common", "Common", "{BA0CC1BD-D9F5-438E-9AC6-481102175823}"
EndProject
Project("{2150E333-8FDC-42A3-9474-1A3956D46DE8}") = "Blog", "Blog", "{F44ACD75-44B0-4AD4-AC56-33EB33D401D0}"
EndProject
Project("{9A19103F-16F7-4668-BE54-9A1E7A4F7556}") = "BlogModule", "src\Modules\Blog\BlogModule\BlogModule.csproj", "{02654EDA-90DF-4DA6-9D5A-3C887DB2BDEB}"
EndProject
Project("{9A19103F-16F7-4668-BE54-9A1E7A4F7556}") = "Common.Domain", "src\Common\Common.Domain\Common.Domain.csproj", "{2A8CC99F-F24D-47A6-BEE6-147FE006A86B}"
EndProject
Project("{9A19103F-16F7-4668-BE54-9A1E7A4F7556}") = "Common.Application", "src\Common\Common.Application\Common.Application.csproj", "{987ADD68-C68E-4357-B9EC-3C64154A34B8}"
EndProject
Project("{2150E333-8FDC-42A3-9474-1A3956D46DE8}") = "Ticket", "Ticket", "{0BDFE876-D64C-415A-B6AC-980F9B15CE49}"
EndProject
Project("{9A19103F-16F7-4668-BE54-9A1E7A4F7556}") = "TicketModule", "src\Modules\Ticket\TicketModule\TicketModule.csproj", "{C874A0CF-E24D-43AE-A94A-16E14ED7B4DB}"
EndProject
Project("{2150E333-8FDC-42A3-9474-1A3956D46DE8}") = "User", "User", "{C6DFA982-B51D-442B-B3B4-9E4D953A9C49}"
EndProject
Project("{9A19103F-16F7-4668-BE54-9A1E7A4F7556}") = "UserModule.Data", "src\Modules\User\UserModule.Data\UserModule.Data.csproj", "{31519EF5-FA50-4F6D-B1F4-2CF4BDDFCB7E}"
EndProject
Project("{9A19103F-16F7-4668-BE54-9A1E7A4F7556}") = "UserModule.Core", "src\Modules\User\UserModule.Core\UserModule.Core.csproj", "{F38D590E-68A8-4AA7-B032-5E093793CBC4}"
EndProject
Project("{9A19103F-16F7-4668-BE54-9A1E7A4F7556}") = "Common.Infrastructure", "src\Common\Common.Infrastructure\Common.Infrastructure.csproj", "{8AFCA031-44DE-427B-BC73-17C7C6E0E4B8}"
EndProject
Project("{9A19103F-16F7-4668-BE54-9A1E7A4F7556}") = "Common.Query", "src\Common\Common.Query\Common.Query.csproj", "{85B0575F-B70A-4308-9DF5-5729B9A93313}"
EndProject
Project("{9A19103F-16F7-4668-BE54-9A1E7A4F7556}") = "DigiLearn.Web", "src\EndPoints\DigiLearn.Web\DigiLearn.Web.csproj", "{DFC89877-DD74-4F70-B827-CB403B76E27F}"
EndProject
Project("{2150E333-8FDC-42A3-9474-1A3956D46DE8}") = "Core", "Core", "{78BF9BD5-9564-4DD9-A403-10D7BF68E67A}"
EndProject
Project("{9A19103F-16F7-4668-BE54-9A1E7A4F7556}") = "CoreModule.Domain", "src\Modules\Core\CoreModule.Domain\CoreModule.Domain.csproj", "{B9DB7044-AB05-483A-A5FD-5B930FCA841A}"
EndProject
Project("{9A19103F-16F7-4668-BE54-9A1E7A4F7556}") = "CoreModule.Application", "src\Modules\Core\CoreModule.Application\CoreModule.Application.csproj", "{56D75EBF-8317-41F1-89CE-94525352B4FB}"
EndProject
Project("{9A19103F-16F7-4668-BE54-9A1E7A4F7556}") = "CoreModule.Infrastructure", "src\Modules\Core\CoreModule.Infrastructure\CoreModule.Infrastructure.csproj", "{C169FF2C-D235-4CC7-82E8-7380E0CCFF73}"
EndProject
Project("{9A19103F-16F7-4668-BE54-9A1E7A4F7556}") = "CoreModule.Query", "src\Modules\Core\CoreModule.Query\CoreModule.Query.csproj", "{A54CC0D6-5CA2-44A3-9BB0-3B53CC5CD3BB}"
EndProject
Project("{9A19103F-16F7-4668-BE54-9A1E7A4F7556}") = "CoreModule.Facade", "src\Modules\Core\CoreModule.Facade\CoreModule.Facade.csproj", "{7BC3BC51-D752-4365-BE2C-A3432260058E}"
EndProject
Project("{9A19103F-16F7-4668-BE54-9A1E7A4F7556}") = "CoreModule.Config", "src\Modules\Core\CoreModule.Config\CoreModule.Config.csproj", "{55510277-4094-4262-B663-0FB61AAB3827}"
EndProject
Project("{9A19103F-16F7-4668-BE54-9A1E7A4F7556}") = "Common.EventBus", "src\Common\Common.EventBus\Common.EventBus.csproj", "{BAB91862-7EA4-4412-8130-076DD824FE9F}"
EndProject
Project("{2150E333-8FDC-42A3-9474-1A3956D46DE8}") = "Comment", "Comment", "{F4DF9E24-BE80-4499-8986-C615759BEDB3}"
EndProject
Project("{9A19103F-16F7-4668-BE54-9A1E7A4F7556}") = "CommentModule", "src\Modules\Comment\CommentModule\CommentModule.csproj", "{9C2E7E12-AC2A-413E-B7DB-12BEC6450A38}"
EndProject
Global
	GlobalSection(SolutionConfigurationPlatforms) = preSolution
		Debug|Any CPU = Debug|Any CPU
		Release|Any CPU = Release|Any CPU
	EndGlobalSection
	GlobalSection(ProjectConfigurationPlatforms) = postSolution
		{02654EDA-90DF-4DA6-9D5A-3C887DB2BDEB}.Debug|Any CPU.ActiveCfg = Debug|Any CPU
		{02654EDA-90DF-4DA6-9D5A-3C887DB2BDEB}.Debug|Any CPU.Build.0 = Debug|Any CPU
		{02654EDA-90DF-4DA6-9D5A-3C887DB2BDEB}.Release|Any CPU.ActiveCfg = Release|Any CPU
		{02654EDA-90DF-4DA6-9D5A-3C887DB2BDEB}.Release|Any CPU.Build.0 = Release|Any CPU
		{2A8CC99F-F24D-47A6-BEE6-147FE006A86B}.Debug|Any CPU.ActiveCfg = Debug|Any CPU
		{2A8CC99F-F24D-47A6-BEE6-147FE006A86B}.Debug|Any CPU.Build.0 = Debug|Any CPU
		{2A8CC99F-F24D-47A6-BEE6-147FE006A86B}.Release|Any CPU.ActiveCfg = Release|Any CPU
		{2A8CC99F-F24D-47A6-BEE6-147FE006A86B}.Release|Any CPU.Build.0 = Release|Any CPU
		{987ADD68-C68E-4357-B9EC-3C64154A34B8}.Debug|Any CPU.ActiveCfg = Debug|Any CPU
		{987ADD68-C68E-4357-B9EC-3C64154A34B8}.Debug|Any CPU.Build.0 = Debug|Any CPU
		{987ADD68-C68E-4357-B9EC-3C64154A34B8}.Release|Any CPU.ActiveCfg = Release|Any CPU
		{987ADD68-C68E-4357-B9EC-3C64154A34B8}.Release|Any CPU.Build.0 = Release|Any CPU
		{C874A0CF-E24D-43AE-A94A-16E14ED7B4DB}.Debug|Any CPU.ActiveCfg = Debug|Any CPU
		{C874A0CF-E24D-43AE-A94A-16E14ED7B4DB}.Debug|Any CPU.Build.0 = Debug|Any CPU
		{C874A0CF-E24D-43AE-A94A-16E14ED7B4DB}.Release|Any CPU.ActiveCfg = Release|Any CPU
		{C874A0CF-E24D-43AE-A94A-16E14ED7B4DB}.Release|Any CPU.Build.0 = Release|Any CPU
		{31519EF5-FA50-4F6D-B1F4-2CF4BDDFCB7E}.Debug|Any CPU.ActiveCfg = Debug|Any CPU
		{31519EF5-FA50-4F6D-B1F4-2CF4BDDFCB7E}.Debug|Any CPU.Build.0 = Debug|Any CPU
		{31519EF5-FA50-4F6D-B1F4-2CF4BDDFCB7E}.Release|Any CPU.ActiveCfg = Release|Any CPU
		{31519EF5-FA50-4F6D-B1F4-2CF4BDDFCB7E}.Release|Any CPU.Build.0 = Release|Any CPU
		{F38D590E-68A8-4AA7-B032-5E093793CBC4}.Debug|Any CPU.ActiveCfg = Debug|Any CPU
		{F38D590E-68A8-4AA7-B032-5E093793CBC4}.Debug|Any CPU.Build.0 = Debug|Any CPU
		{F38D590E-68A8-4AA7-B032-5E093793CBC4}.Release|Any CPU.ActiveCfg = Release|Any CPU
		{F38D590E-68A8-4AA7-B032-5E093793CBC4}.Release|Any CPU.Build.0 = Release|Any CPU
		{8AFCA031-44DE-427B-BC73-17C7C6E0E4B8}.Debug|Any CPU.ActiveCfg = Debug|Any CPU
		{8AFCA031-44DE-427B-BC73-17C7C6E0E4B8}.Debug|Any CPU.Build.0 = Debug|Any CPU
		{8AFCA031-44DE-427B-BC73-17C7C6E0E4B8}.Release|Any CPU.ActiveCfg = Release|Any CPU
		{8AFCA031-44DE-427B-BC73-17C7C6E0E4B8}.Release|Any CPU.Build.0 = Release|Any CPU
		{85B0575F-B70A-4308-9DF5-5729B9A93313}.Debug|Any CPU.ActiveCfg = Debug|Any CPU
		{85B0575F-B70A-4308-9DF5-5729B9A93313}.Debug|Any CPU.Build.0 = Debug|Any CPU
		{85B0575F-B70A-4308-9DF5-5729B9A93313}.Release|Any CPU.ActiveCfg = Release|Any CPU
		{85B0575F-B70A-4308-9DF5-5729B9A93313}.Release|Any CPU.Build.0 = Release|Any CPU
		{DFC89877-DD74-4F70-B827-CB403B76E27F}.Debug|Any CPU.ActiveCfg = Debug|Any CPU
		{DFC89877-DD74-4F70-B827-CB403B76E27F}.Debug|Any CPU.Build.0 = Debug|Any CPU
		{DFC89877-DD74-4F70-B827-CB403B76E27F}.Release|Any CPU.ActiveCfg = Release|Any CPU
		{DFC89877-DD74-4F70-B827-CB403B76E27F}.Release|Any CPU.Build.0 = Release|Any CPU
		{B9DB7044-AB05-483A-A5FD-5B930FCA841A}.Debug|Any CPU.ActiveCfg = Debug|Any CPU
		{B9DB7044-AB05-483A-A5FD-5B930FCA841A}.Debug|Any CPU.Build.0 = Debug|Any CPU
		{B9DB7044-AB05-483A-A5FD-5B930FCA841A}.Release|Any CPU.ActiveCfg = Release|Any CPU
		{B9DB7044-AB05-483A-A5FD-5B930FCA841A}.Release|Any CPU.Build.0 = Release|Any CPU
		{56D75EBF-8317-41F1-89CE-94525352B4FB}.Debug|Any CPU.ActiveCfg = Debug|Any CPU
		{56D75EBF-8317-41F1-89CE-94525352B4FB}.Debug|Any CPU.Build.0 = Debug|Any CPU
		{56D75EBF-8317-41F1-89CE-94525352B4FB}.Release|Any CPU.ActiveCfg = Release|Any CPU
		{56D75EBF-8317-41F1-89CE-94525352B4FB}.Release|Any CPU.Build.0 = Release|Any CPU
		{C169FF2C-D235-4CC7-82E8-7380E0CCFF73}.Debug|Any CPU.ActiveCfg = Debug|Any CPU
		{C169FF2C-D235-4CC7-82E8-7380E0CCFF73}.Debug|Any CPU.Build.0 = Debug|Any CPU
		{C169FF2C-D235-4CC7-82E8-7380E0CCFF73}.Release|Any CPU.ActiveCfg = Release|Any CPU
		{C169FF2C-D235-4CC7-82E8-7380E0CCFF73}.Release|Any CPU.Build.0 = Release|Any CPU
		{A54CC0D6-5CA2-44A3-9BB0-3B53CC5CD3BB}.Debug|Any CPU.ActiveCfg = Debug|Any CPU
		{A54CC0D6-5CA2-44A3-9BB0-3B53CC5CD3BB}.Debug|Any CPU.Build.0 = Debug|Any CPU
		{A54CC0D6-5CA2-44A3-9BB0-3B53CC5CD3BB}.Release|Any CPU.ActiveCfg = Release|Any CPU
		{A54CC0D6-5CA2-44A3-9BB0-3B53CC5CD3BB}.Release|Any CPU.Build.0 = Release|Any CPU
		{7BC3BC51-D752-4365-BE2C-A3432260058E}.Debug|Any CPU.ActiveCfg = Debug|Any CPU
		{7BC3BC51-D752-4365-BE2C-A3432260058E}.Debug|Any CPU.Build.0 = Debug|Any CPU
		{7BC3BC51-D752-4365-BE2C-A3432260058E}.Release|Any CPU.ActiveCfg = Release|Any CPU
		{7BC3BC51-D752-4365-BE2C-A3432260058E}.Release|Any CPU.Build.0 = Release|Any CPU
		{55510277-4094-4262-B663-0FB61AAB3827}.Debug|Any CPU.ActiveCfg = Debug|Any CPU
		{55510277-4094-4262-B663-0FB61AAB3827}.Debug|Any CPU.Build.0 = Debug|Any CPU
		{55510277-4094-4262-B663-0FB61AAB3827}.Release|Any CPU.ActiveCfg = Release|Any CPU
		{55510277-4094-4262-B663-0FB61AAB3827}.Release|Any CPU.Build.0 = Release|Any CPU
		{BAB91862-7EA4-4412-8130-076DD824FE9F}.Debug|Any CPU.ActiveCfg = Debug|Any CPU
		{BAB91862-7EA4-4412-8130-076DD824FE9F}.Debug|Any CPU.Build.0 = Debug|Any CPU
		{BAB91862-7EA4-4412-8130-076DD824FE9F}.Release|Any CPU.ActiveCfg = Release|Any CPU
		{BAB91862-7EA4-4412-8130-076DD824FE9F}.Release|Any CPU.Build.0 = Release|Any CPU
		{9C2E7E12-AC2A-413E-B7DB-12BEC6450A38}.Debug|Any CPU.ActiveCfg = Debug|Any CPU
		{9C2E7E12-AC2A-413E-B7DB-12BEC6450A38}.Debug|Any CPU.Build.0 = Debug|Any CPU
		{9C2E7E12-AC2A-413E-B7DB-12BEC6450A38}.Release|Any CPU.ActiveCfg = Release|Any CPU
		{9C2E7E12-AC2A-413E-B7DB-12BEC6450A38}.Release|Any CPU.Build.0 = Release|Any CPU
	EndGlobalSection
	GlobalSection(SolutionProperties) = preSolution
		HideSolutionNode = FALSE
	EndGlobalSection
	GlobalSection(NestedProjects) = preSolution
		{B3BD9597-3591-48AF-A287-50339FC5F23A} = {F1FF19EC-B69B-4D1F-BEF1-78F887022947}
		{CDAFBBC7-33A5-4FE0-BA9D-564B07E2478E} = {F1FF19EC-B69B-4D1F-BEF1-78F887022947}
		{BA0CC1BD-D9F5-438E-9AC6-481102175823} = {F1FF19EC-B69B-4D1F-BEF1-78F887022947}
		{F44ACD75-44B0-4AD4-AC56-33EB33D401D0} = {B3BD9597-3591-48AF-A287-50339FC5F23A}
		{02654EDA-90DF-4DA6-9D5A-3C887DB2BDEB} = {F44ACD75-44B0-4AD4-AC56-33EB33D401D0}
		{2A8CC99F-F24D-47A6-BEE6-147FE006A86B} = {BA0CC1BD-D9F5-438E-9AC6-481102175823}
		{987ADD68-C68E-4357-B9EC-3C64154A34B8} = {BA0CC1BD-D9F5-438E-9AC6-481102175823}
		{0BDFE876-D64C-415A-B6AC-980F9B15CE49} = {B3BD9597-3591-48AF-A287-50339FC5F23A}
		{C874A0CF-E24D-43AE-A94A-16E14ED7B4DB} = {0BDFE876-D64C-415A-B6AC-980F9B15CE49}
		{C6DFA982-B51D-442B-B3B4-9E4D953A9C49} = {B3BD9597-3591-48AF-A287-50339FC5F23A}
		{31519EF5-FA50-4F6D-B1F4-2CF4BDDFCB7E} = {C6DFA982-B51D-442B-B3B4-9E4D953A9C49}
		{F38D590E-68A8-4AA7-B032-5E093793CBC4} = {C6DFA982-B51D-442B-B3B4-9E4D953A9C49}
		{8AFCA031-44DE-427B-BC73-17C7C6E0E4B8} = {BA0CC1BD-D9F5-438E-9AC6-481102175823}
		{85B0575F-B70A-4308-9DF5-5729B9A93313} = {BA0CC1BD-D9F5-438E-9AC6-481102175823}
		{DFC89877-DD74-4F70-B827-CB403B76E27F} = {CDAFBBC7-33A5-4FE0-BA9D-564B07E2478E}
		{78BF9BD5-9564-4DD9-A403-10D7BF68E67A} = {B3BD9597-3591-48AF-A287-50339FC5F23A}
		{B9DB7044-AB05-483A-A5FD-5B930FCA841A} = {78BF9BD5-9564-4DD9-A403-10D7BF68E67A}
		{56D75EBF-8317-41F1-89CE-94525352B4FB} = {78BF9BD5-9564-4DD9-A403-10D7BF68E67A}
		{C169FF2C-D235-4CC7-82E8-7380E0CCFF73} = {78BF9BD5-9564-4DD9-A403-10D7BF68E67A}
		{A54CC0D6-5CA2-44A3-9BB0-3B53CC5CD3BB} = {78BF9BD5-9564-4DD9-A403-10D7BF68E67A}
		{7BC3BC51-D752-4365-BE2C-A3432260058E} = {78BF9BD5-9564-4DD9-A403-10D7BF68E67A}
		{55510277-4094-4262-B663-0FB61AAB3827} = {78BF9BD5-9564-4DD9-A403-10D7BF68E67A}
		{BAB91862-7EA4-4412-8130-076DD824FE9F} = {BA0CC1BD-D9F5-438E-9AC6-481102175823}
		{F4DF9E24-BE80-4499-8986-C615759BEDB3} = {B3BD9597-3591-48AF-A287-50339FC5F23A}
		{9C2E7E12-AC2A-413E-B7DB-12BEC6450A38} = {F4DF9E24-BE80-4499-8986-C615759BEDB3}
	EndGlobalSection
	GlobalSection(ExtensibilityGlobals) = postSolution
		SolutionGuid = {0E3590F8-90D4-4262-8345-AACE391D9339}
	EndGlobalSection
EndGlobal
